
Microsoft Visual Studio Solution File, Format Version 12.00
# Visual Studio Version 17
VisualStudioVersion = 17.5.002.0
MinimumVisualStudioVersion = 10.0.40219.1
Project("{9A19103F-16F7-4668-BE54-9A1E7A4F7556}") = "Backoffice", "Backoffice.csproj", "{756B107B-2F96-440E-981E-0A821E200829}"
EndProject
Global
	GlobalSection(SolutionConfigurationPlatforms) = preSolution
		Debug|Any CPU = Debug|Any CPU
		Release|Any CPU = Release|Any CPU
	EndGlobalSection
	GlobalSection(ProjectConfigurationPlatforms) = postSolution
		{756B107B-2F96-440E-981E-0A821E200829}.Debug|Any CPU.ActiveCfg = Debug|Any CPU
		{756B107B-2F96-440E-981E-0A821E200829}.Debug|Any CPU.Build.0 = Debug|Any CPU
		{756B107B-2F96-440E-981E-0A821E200829}.Release|Any CPU.ActiveCfg = Release|Any CPU
		{756B107B-2F96-440E-981E-0A821E200829}.Release|Any CPU.Build.0 = Release|Any CPU
	EndGlobalSection
	GlobalSection(SolutionProperties) = preSolution
		HideSolutionNode = FALSE
	EndGlobalSection
	GlobalSection(ExtensibilityGlobals) = postSolution
		SolutionGuid = {C2B1A742-BAAC-4358-8B7C-85E0EE350BD9}
	EndGlobalSection
EndGlobal
